// !$*UTF8*$!
{
	archiveVersion = 1;
	classes = {
	};
	objectVersion = 56;
	objects = {

/* Begin PBXBuildFile section */
		531F9A9F2BDD87CF00C57B0B /* TrendingView.swift in Sources */ = {isa = PBXBuildFile; fileRef = 531F9A9E2BDD87CF00C57B0B /* TrendingView.swift */; };
		535F73B82DA3CB8500BE7291 /* MovieVerticalListView.swift in Sources */ = {isa = PBXBuildFile; fileRef = 535F73B72DA3CB8500BE7291 /* MovieVerticalListView.swift */; };
		535F73BF2DA408CF00BE7291 /* FavoritesModel.xcdatamodeld in Sources */ = {isa = PBXBuildFile; fileRef = 535F73BD2DA408CF00BE7291 /* FavoritesModel.xcdatamodeld */; };
		535F73C12DA4097000BE7291 /* CoreDataManager.swift in Sources */ = {isa = PBXBuildFile; fileRef = 535F73C02DA4097000BE7291 /* CoreDataManager.swift */; };
		535F73C32DA40A2900BE7291 /* FavoritesViewModel.swift in Sources */ = {isa = PBXBuildFile; fileRef = 535F73C22DA40A2900BE7291 /* FavoritesViewModel.swift */; };
		539A40EC2D1C4DA40064BDF8 /* ToolBarAppearance.swift in Sources */ = {isa = PBXBuildFile; fileRef = 539A40EB2D1C4DA40064BDF8 /* ToolBarAppearance.swift */; };
		53B670482C74A6D500095062 /* APIError.swift in Sources */ = {isa = PBXBuildFile; fileRef = 53B670472C74A6D500095062 /* APIError.swift */; };
		53B6704B2C74C5DB00095062 /* MovieViewModel.swift in Sources */ = {isa = PBXBuildFile; fileRef = 53B6704A2C74C5DB00095062 /* MovieViewModel.swift */; };
		53BB6B752BD92934003779A9 /* ShowScapeApp.swift in Sources */ = {isa = PBXBuildFile; fileRef = 53BB6B742BD92934003779A9 /* ShowScapeApp.swift */; };
		53BB6B772BD92934003779A9 /* ContentView.swift in Sources */ = {isa = PBXBuildFile; fileRef = 53BB6B762BD92934003779A9 /* ContentView.swift */; };
		53BB6B792BD92937003779A9 /* Assets.xcassets in Resources */ = {isa = PBXBuildFile; fileRef = 53BB6B782BD92937003779A9 /* Assets.xcassets */; };
		53BB6B7C2BD92937003779A9 /* Preview Assets.xcassets in Resources */ = {isa = PBXBuildFile; fileRef = 53BB6B7B2BD92937003779A9 /* Preview Assets.xcassets */; };
		53C4DCEC2D2D405600D28F91 /* SideMenuView.swift in Sources */ = {isa = PBXBuildFile; fileRef = 53C4DCEB2D2D405600D28F91 /* SideMenuView.swift */; };
		53CA4ECC2C7775950027CD48 /* CategoryHeaderView.swift in Sources */ = {isa = PBXBuildFile; fileRef = 53CA4ECB2C7775950027CD48 /* CategoryHeaderView.swift */; };
		53CA4ED02C77783C0027CD48 /* MovieScrollView.swift in Sources */ = {isa = PBXBuildFile; fileRef = 53CA4ECF2C77783C0027CD48 /* MovieScrollView.swift */; };
		53CCF7DD2BFB7D28002000E5 /* PopularView.swift in Sources */ = {isa = PBXBuildFile; fileRef = 53CCF7DC2BFB7D28002000E5 /* PopularView.swift */; };
		53CCF7DF2BFB7D46002000E5 /* FavoritesView.swift in Sources */ = {isa = PBXBuildFile; fileRef = 53CCF7DE2BFB7D46002000E5 /* FavoritesView.swift */; };
		53D55D642BFD267C00AA9D26 /* DetailsView.swift in Sources */ = {isa = PBXBuildFile; fileRef = 53D55D632BFD267C00AA9D26 /* DetailsView.swift */; };
		53F0A80D2CF718C80006764D /* Raleway.ttf in Resources */ = {isa = PBXBuildFile; fileRef = 5335EC0F2CDD172E006BBD06 /* Raleway.ttf */; };
		53F153542C04CEFB000CA535 /* CustomBackButton.swift in Sources */ = {isa = PBXBuildFile; fileRef = 53F153532C04CEFB000CA535 /* CustomBackButton.swift */; };
		53FB019F2C071F94001FE66B /* ResultModel.swift in Sources */ = {isa = PBXBuildFile; fileRef = 53FB019E2C071F94001FE66B /* ResultModel.swift */; };
		53FB01A12C072018001FE66B /* NetworkService.swift in Sources */ = {isa = PBXBuildFile; fileRef = 53FB01A02C072018001FE66B /* NetworkService.swift */; };
		53FDC8052CF74AAB00144DBC /* Raleway-Bold.ttf in Resources */ = {isa = PBXBuildFile; fileRef = 53FDC8042CF74AAB00144DBC /* Raleway-Bold.ttf */; };
/* End PBXBuildFile section */

/* Begin PBXFileReference section */
		531F9A9E2BDD87CF00C57B0B /* TrendingView.swift */ = {isa = PBXFileReference; lastKnownFileType = sourcecode.swift; path = TrendingView.swift; sourceTree = "<group>"; };
		5335EC0F2CDD172E006BBD06 /* Raleway.ttf */ = {isa = PBXFileReference; lastKnownFileType = file; path = Raleway.ttf; sourceTree = "<group>"; };
		535F73B72DA3CB8500BE7291 /* MovieVerticalListView.swift */ = {isa = PBXFileReference; lastKnownFileType = sourcecode.swift; path = MovieVerticalListView.swift; sourceTree = "<group>"; };
		535F73BE2DA408CF00BE7291 /* FavoritesModel.xcdatamodel */ = {isa = PBXFileReference; lastKnownFileType = wrapper.xcdatamodel; path = FavoritesModel.xcdatamodel; sourceTree = "<group>"; };
		535F73C02DA4097000BE7291 /* CoreDataManager.swift */ = {isa = PBXFileReference; lastKnownFileType = sourcecode.swift; path = CoreDataManager.swift; sourceTree = "<group>"; };
		535F73C22DA40A2900BE7291 /* FavoritesViewModel.swift */ = {isa = PBXFileReference; lastKnownFileType = sourcecode.swift; path = FavoritesViewModel.swift; sourceTree = "<group>"; };
		539A40EB2D1C4DA40064BDF8 /* ToolBarAppearance.swift */ = {isa = PBXFileReference; lastKnownFileType = sourcecode.swift; path = ToolBarAppearance.swift; sourceTree = "<group>"; };
		53B670472C74A6D500095062 /* APIError.swift */ = {isa = PBXFileReference; lastKnownFileType = sourcecode.swift; path = APIError.swift; sourceTree = "<group>"; };
		53B6704A2C74C5DB00095062 /* MovieViewModel.swift */ = {isa = PBXFileReference; lastKnownFileType = sourcecode.swift; path = MovieViewModel.swift; sourceTree = "<group>"; };
		53BB6B712BD92934003779A9 /* ShowScape.app */ = {isa = PBXFileReference; explicitFileType = wrapper.application; includeInIndex = 0; path = ShowScape.app; sourceTree = BUILT_PRODUCTS_DIR; };
		53BB6B742BD92934003779A9 /* ShowScapeApp.swift */ = {isa = PBXFileReference; lastKnownFileType = sourcecode.swift; path = ShowScapeApp.swift; sourceTree = "<group>"; };
		53BB6B762BD92934003779A9 /* ContentView.swift */ = {isa = PBXFileReference; lastKnownFileType = sourcecode.swift; path = ContentView.swift; sourceTree = "<group>"; };
		53BB6B782BD92937003779A9 /* Assets.xcassets */ = {isa = PBXFileReference; lastKnownFileType = folder.assetcatalog; path = Assets.xcassets; sourceTree = "<group>"; };
		53BB6B7B2BD92937003779A9 /* Preview Assets.xcassets */ = {isa = PBXFileReference; lastKnownFileType = folder.assetcatalog; path = "Preview Assets.xcassets"; sourceTree = "<group>"; };
		53C4DCEB2D2D405600D28F91 /* SideMenuView.swift */ = {isa = PBXFileReference; lastKnownFileType = sourcecode.swift; path = SideMenuView.swift; sourceTree = "<group>"; };
		53CA4ECB2C7775950027CD48 /* CategoryHeaderView.swift */ = {isa = PBXFileReference; lastKnownFileType = sourcecode.swift; path = CategoryHeaderView.swift; sourceTree = "<group>"; };
		53CA4ECF2C77783C0027CD48 /* MovieScrollView.swift */ = {isa = PBXFileReference; lastKnownFileType = sourcecode.swift; path = MovieScrollView.swift; sourceTree = "<group>"; };
		53CCF7DC2BFB7D28002000E5 /* PopularView.swift */ = {isa = PBXFileReference; lastKnownFileType = sourcecode.swift; path = PopularView.swift; sourceTree = "<group>"; };
		53CCF7DE2BFB7D46002000E5 /* FavoritesView.swift */ = {isa = PBXFileReference; lastKnownFileType = sourcecode.swift; path = FavoritesView.swift; sourceTree = "<group>"; };
		53CF43052BDAB7FB0095D899 /* Info.plist */ = {isa = PBXFileReference; lastKnownFileType = text.plist; path = Info.plist; sourceTree = "<group>"; };
		53D55D632BFD267C00AA9D26 /* DetailsView.swift */ = {isa = PBXFileReference; lastKnownFileType = sourcecode.swift; path = DetailsView.swift; sourceTree = "<group>"; };
		53F153532C04CEFB000CA535 /* CustomBackButton.swift */ = {isa = PBXFileReference; lastKnownFileType = sourcecode.swift; path = CustomBackButton.swift; sourceTree = "<group>"; };
		53FB019E2C071F94001FE66B /* ResultModel.swift */ = {isa = PBXFileReference; lastKnownFileType = sourcecode.swift; path = ResultModel.swift; sourceTree = "<group>"; };
		53FB01A02C072018001FE66B /* NetworkService.swift */ = {isa = PBXFileReference; lastKnownFileType = sourcecode.swift; path = NetworkService.swift; sourceTree = "<group>"; };
		53FDC8042CF74AAB00144DBC /* Raleway-Bold.ttf */ = {isa = PBXFileReference; lastKnownFileType = file; path = "Raleway-Bold.ttf"; sourceTree = "<group>"; };
/* End PBXFileReference section */

/* Begin PBXFrameworksBuildPhase section */
		53BB6B6E2BD92934003779A9 /* Frameworks */ = {
			isa = PBXFrameworksBuildPhase;
			buildActionMask = 2147483647;
			files = (
			);
			runOnlyForDeploymentPostprocessing = 0;
		};
/* End PBXFrameworksBuildPhase section */

/* Begin PBXGroup section */
		535F73C42DA40FFC00BE7291 /* CoreData */ = {
			isa = PBXGroup;
			children = (
				535F73BD2DA408CF00BE7291 /* FavoritesModel.xcdatamodeld */,
				535F73C02DA4097000BE7291 /* CoreDataManager.swift */,
			);
			path = CoreData;
			sourceTree = "<group>";
		};
		53B670462C74A6AB00095062 /* Errors */ = {
			isa = PBXGroup;
			children = (
				53B670472C74A6D500095062 /* APIError.swift */,
			);
			path = Errors;
			sourceTree = "<group>";
		};
		53B670492C74C5AF00095062 /* Service */ = {
			isa = PBXGroup;
			children = (
				53FB01A02C072018001FE66B /* NetworkService.swift */,
			);
			path = Service;
			sourceTree = "<group>";
		};
		53BB6B682BD92934003779A9 = {
			isa = PBXGroup;
			children = (
				53BB6B732BD92934003779A9 /* ShowScape */,
				53BB6B722BD92934003779A9 /* Products */,
			);
			sourceTree = "<group>";
		};
		53BB6B722BD92934003779A9 /* Products */ = {
			isa = PBXGroup;
			children = (
				53BB6B712BD92934003779A9 /* ShowScape.app */,
			);
			name = Products;
			sourceTree = "<group>";
		};
		53BB6B732BD92934003779A9 /* ShowScape */ = {
			isa = PBXGroup;
			children = (
				53CA4ECA2C77756C0027CD48 /* CustomsViews */,
				53CCF7DA2BFB7CDA002000E5 /* Model */,
				53CF42D02BDA6D650095D899 /* Views */,
				53CCF7DB2BFB7CE9002000E5 /* ViewModel */,
				53B670492C74C5AF00095062 /* Service */,
				53B670462C74A6AB00095062 /* Errors */,
				53F153522C04CEC5000CA535 /* CustomsUI */,
				53CF43052BDAB7FB0095D899 /* Info.plist */,
				53BB6B742BD92934003779A9 /* ShowScapeApp.swift */,
				53BB6B762BD92934003779A9 /* ContentView.swift */,
				5335EC0F2CDD172E006BBD06 /* Raleway.ttf */,
				53FDC8042CF74AAB00144DBC /* Raleway-Bold.ttf */,
				53BB6B782BD92937003779A9 /* Assets.xcassets */,
				53BB6B7A2BD92937003779A9 /* Preview Content */,
				535F73C42DA40FFC00BE7291 /* CoreData */,
			);
			path = ShowScape;
			sourceTree = "<group>";
		};
		53BB6B7A2BD92937003779A9 /* Preview Content */ = {
			isa = PBXGroup;
			children = (
				53BB6B7B2BD92937003779A9 /* Preview Assets.xcassets */,
			);
			path = "Preview Content";
			sourceTree = "<group>";
		};
		53CA4ECA2C77756C0027CD48 /* CustomsViews */ = {
			isa = PBXGroup;
			children = (
				53CA4ECB2C7775950027CD48 /* CategoryHeaderView.swift */,
				53CA4ECF2C77783C0027CD48 /* MovieScrollView.swift */,
				535F73B72DA3CB8500BE7291 /* MovieVerticalListView.swift */,
			);
			path = CustomsViews;
			sourceTree = "<group>";
		};
		53CCF7DA2BFB7CDA002000E5 /* Model */ = {
			isa = PBXGroup;
			children = (
				53FB019E2C071F94001FE66B /* ResultModel.swift */,
			);
			path = Model;
			sourceTree = "<group>";
		};
		53CCF7DB2BFB7CE9002000E5 /* ViewModel */ = {
			isa = PBXGroup;
			children = (
				53B6704A2C74C5DB00095062 /* MovieViewModel.swift */,
				535F73C22DA40A2900BE7291 /* FavoritesViewModel.swift */,
			);
			path = ViewModel;
			sourceTree = "<group>";
		};
		53CF42D02BDA6D650095D899 /* Views */ = {
			isa = PBXGroup;
			children = (
				531F9A9E2BDD87CF00C57B0B /* TrendingView.swift */,
				53CCF7DC2BFB7D28002000E5 /* PopularView.swift */,
				53CCF7DE2BFB7D46002000E5 /* FavoritesView.swift */,
				53D55D632BFD267C00AA9D26 /* DetailsView.swift */,
				53C4DCEB2D2D405600D28F91 /* SideMenuView.swift */,
			);
			path = Views;
			sourceTree = "<group>";
		};
		53F153522C04CEC5000CA535 /* CustomsUI */ = {
			isa = PBXGroup;
			children = (
				53F153532C04CEFB000CA535 /* CustomBackButton.swift */,
				539A40EB2D1C4DA40064BDF8 /* ToolBarAppearance.swift */,
			);
			path = CustomsUI;
			sourceTree = "<group>";
		};
/* End PBXGroup section */

/* Begin PBXNativeTarget section */
		53BB6B702BD92934003779A9 /* ShowScape */ = {
			isa = PBXNativeTarget;
			buildConfigurationList = 53BB6B7F2BD92937003779A9 /* Build configuration list for PBXNativeTarget "ShowScape" */;
			buildPhases = (
				53BB6B6D2BD92934003779A9 /* Sources */,
				53BB6B6E2BD92934003779A9 /* Frameworks */,
				53BB6B6F2BD92934003779A9 /* Resources */,
			);
			buildRules = (
			);
			dependencies = (
			);
			name = ShowScape;
			productName = ShowScape;
			productReference = 53BB6B712BD92934003779A9 /* ShowScape.app */;
			productType = "com.apple.product-type.application";
		};
/* End PBXNativeTarget section */

/* Begin PBXProject section */
		53BB6B692BD92934003779A9 /* Project object */ = {
			isa = PBXProject;
			attributes = {
				BuildIndependentTargetsInParallel = 1;
				LastSwiftUpdateCheck = 1530;
				LastUpgradeCheck = 1530;
				TargetAttributes = {
					53BB6B702BD92934003779A9 = {
						CreatedOnToolsVersion = 15.3;
					};
				};
			};
			buildConfigurationList = 53BB6B6C2BD92934003779A9 /* Build configuration list for PBXProject "ShowScape" */;
			compatibilityVersion = "Xcode 14.0";
			developmentRegion = en;
			hasScannedForEncodings = 0;
			knownRegions = (
				en,
				Base,
			);
			mainGroup = 53BB6B682BD92934003779A9;
			productRefGroup = 53BB6B722BD92934003779A9 /* Products */;
			projectDirPath = "";
			projectRoot = "";
			targets = (
				53BB6B702BD92934003779A9 /* ShowScape */,
			);
		};
/* End PBXProject section */

/* Begin PBXResourcesBuildPhase section */
		53BB6B6F2BD92934003779A9 /* Resources */ = {
			isa = PBXResourcesBuildPhase;
			buildActionMask = 2147483647;
			files = (
				53BB6B7C2BD92937003779A9 /* Preview Assets.xcassets in Resources */,
				53BB6B792BD92937003779A9 /* Assets.xcassets in Resources */,
				53FDC8052CF74AAB00144DBC /* Raleway-Bold.ttf in Resources */,
				53F0A80D2CF718C80006764D /* Raleway.ttf in Resources */,
			);
			runOnlyForDeploymentPostprocessing = 0;
		};
/* End PBXResourcesBuildPhase section */

/* Begin PBXSourcesBuildPhase section */
		53BB6B6D2BD92934003779A9 /* Sources */ = {
			isa = PBXSourcesBuildPhase;
			buildActionMask = 2147483647;
			files = (
				531F9A9F2BDD87CF00C57B0B /* TrendingView.swift in Sources */,
				53D55D642BFD267C00AA9D26 /* DetailsView.swift in Sources */,
				53C4DCEC2D2D405600D28F91 /* SideMenuView.swift in Sources */,
				53F153542C04CEFB000CA535 /* CustomBackButton.swift in Sources */,
				53CCF7DD2BFB7D28002000E5 /* PopularView.swift in Sources */,
				535F73BF2DA408CF00BE7291 /* FavoritesModel.xcdatamodeld in Sources */,
				535F73C12DA4097000BE7291 /* CoreDataManager.swift in Sources */,
				53B670482C74A6D500095062 /* APIError.swift in Sources */,
				53BB6B772BD92934003779A9 /* ContentView.swift in Sources */,
				53CA4ECC2C7775950027CD48 /* CategoryHeaderView.swift in Sources */,
				53CCF7DF2BFB7D46002000E5 /* FavoritesView.swift in Sources */,
				53BB6B752BD92934003779A9 /* ShowScapeApp.swift in Sources */,
				53FB01A12C072018001FE66B /* NetworkService.swift in Sources */,
				539A40EC2D1C4DA40064BDF8 /* ToolBarAppearance.swift in Sources */,
				535F73B82DA3CB8500BE7291 /* MovieVerticalListView.swift in Sources */,
				53B6704B2C74C5DB00095062 /* MovieViewModel.swift in Sources */,
				53FB019F2C071F94001FE66B /* ResultModel.swift in Sources */,
				53CA4ED02C77783C0027CD48 /* MovieScrollView.swift in Sources */,
				535F73C32DA40A2900BE7291 /* FavoritesViewModel.swift in Sources */,
			);
			runOnlyForDeploymentPostprocessing = 0;
		};
/* End PBXSourcesBuildPhase section */

/* Begin XCBuildConfiguration section */
		53BB6B7D2BD92937003779A9 /* Debug */ = {
			isa = XCBuildConfiguration;
			buildSettings = {
				ALWAYS_SEARCH_USER_PATHS = NO;
				ASSETCATALOG_COMPILER_GENERATE_SWIFT_ASSET_SYMBOL_EXTENSIONS = YES;
				CLANG_ANALYZER_NONNULL = YES;
				CLANG_ANALYZER_NUMBER_OBJECT_CONVERSION = YES_AGGRESSIVE;
				CLANG_CXX_LANGUAGE_STANDARD = "gnu++20";
				CLANG_ENABLE_MODULES = YES;
				CLANG_ENABLE_OBJC_ARC = YES;
				CLANG_ENABLE_OBJC_WEAK = YES;
				CLANG_WARN_BLOCK_CAPTURE_AUTORELEASING = YES;
				CLANG_WARN_BOOL_CONVERSION = YES;
				CLANG_WARN_COMMA = YES;
				CLANG_WARN_CONSTANT_CONVERSION = YES;
				CLANG_WARN_DEPRECATED_OBJC_IMPLEMENTATIONS = YES;
				CLANG_WARN_DIRECT_OBJC_ISA_USAGE = YES_ERROR;
				CLANG_WARN_DOCUMENTATION_COMMENTS = YES;
				CLANG_WARN_EMPTY_BODY = YES;
				CLANG_WARN_ENUM_CONVERSION = YES;
				CLANG_WARN_INFINITE_RECURSION = YES;
				CLANG_WARN_INT_CONVERSION = YES;
				CLANG_WARN_NON_LITERAL_NULL_CONVERSION = YES;
				CLANG_WARN_OBJC_IMPLICIT_RETAIN_SELF = YES;
				CLANG_WARN_OBJC_LITERAL_CONVERSION = YES;
				CLANG_WARN_OBJC_ROOT_CLASS = YES_ERROR;
				CLANG_WARN_QUOTED_INCLUDE_IN_FRAMEWORK_HEADER = YES;
				CLANG_WARN_RANGE_LOOP_ANALYSIS = YES;
				CLANG_WARN_STRICT_PROTOTYPES = YES;
				CLANG_WARN_SUSPICIOUS_MOVE = YES;
				CLANG_WARN_UNGUARDED_AVAILABILITY = YES_AGGRESSIVE;
				CLANG_WARN_UNREACHABLE_CODE = YES;
				CLANG_WARN__DUPLICATE_METHOD_MATCH = YES;
				COPY_PHASE_STRIP = NO;
				DEBUG_INFORMATION_FORMAT = dwarf;
				ENABLE_STRICT_OBJC_MSGSEND = YES;
				ENABLE_TESTABILITY = YES;
				ENABLE_USER_SCRIPT_SANDBOXING = YES;
				GCC_C_LANGUAGE_STANDARD = gnu17;
				GCC_DYNAMIC_NO_PIC = NO;
				GCC_NO_COMMON_BLOCKS = YES;
				GCC_OPTIMIZATION_LEVEL = 0;
				GCC_PREPROCESSOR_DEFINITIONS = (
					"DEBUG=1",
					"$(inherited)",
				);
				GCC_WARN_64_TO_32_BIT_CONVERSION = YES;
				GCC_WARN_ABOUT_RETURN_TYPE = YES_ERROR;
				GCC_WARN_UNDECLARED_SELECTOR = YES;
				GCC_WARN_UNINITIALIZED_AUTOS = YES_AGGRESSIVE;
				GCC_WARN_UNUSED_FUNCTION = YES;
				GCC_WARN_UNUSED_VARIABLE = YES;
				IPHONEOS_DEPLOYMENT_TARGET = 17.5;
				LOCALIZATION_PREFERS_STRING_CATALOGS = YES;
				MTL_ENABLE_DEBUG_INFO = INCLUDE_SOURCE;
				MTL_FAST_MATH = YES;
				ONLY_ACTIVE_ARCH = YES;
				SDKROOT = iphoneos;
				SWIFT_ACTIVE_COMPILATION_CONDITIONS = "DEBUG $(inherited)";
				SWIFT_OPTIMIZATION_LEVEL = "-Onone";
			};
			name = Debug;
		};
		53BB6B7E2BD92937003779A9 /* Release */ = {
			isa = XCBuildConfiguration;
			buildSettings = {
				ALWAYS_SEARCH_USER_PATHS = NO;
				ASSETCATALOG_COMPILER_GENERATE_SWIFT_ASSET_SYMBOL_EXTENSIONS = YES;
				CLANG_ANALYZER_NONNULL = YES;
				CLANG_ANALYZER_NUMBER_OBJECT_CONVERSION = YES_AGGRESSIVE;
				CLANG_CXX_LANGUAGE_STANDARD = "gnu++20";
				CLANG_ENABLE_MODULES = YES;
				CLANG_ENABLE_OBJC_ARC = YES;
				CLANG_ENABLE_OBJC_WEAK = YES;
				CLANG_WARN_BLOCK_CAPTURE_AUTORELEASING = YES;
				CLANG_WARN_BOOL_CONVERSION = YES;
				CLANG_WARN_COMMA = YES;
				CLANG_WARN_CONSTANT_CONVERSION = YES;
				CLANG_WARN_DEPRECATED_OBJC_IMPLEMENTATIONS = YES;
				CLANG_WARN_DIRECT_OBJC_ISA_USAGE = YES_ERROR;
				CLANG_WARN_DOCUMENTATION_COMMENTS = YES;
				CLANG_WARN_EMPTY_BODY = YES;
				CLANG_WARN_ENUM_CONVERSION = YES;
				CLANG_WARN_INFINITE_RECURSION = YES;
				CLANG_WARN_INT_CONVERSION = YES;
				CLANG_WARN_NON_LITERAL_NULL_CONVERSION = YES;
				CLANG_WARN_OBJC_IMPLICIT_RETAIN_SELF = YES;
				CLANG_WARN_OBJC_LITERAL_CONVERSION = YES;
				CLANG_WARN_OBJC_ROOT_CLASS = YES_ERROR;
				CLANG_WARN_QUOTED_INCLUDE_IN_FRAMEWORK_HEADER = YES;
				CLANG_WARN_RANGE_LOOP_ANALYSIS = YES;
				CLANG_WARN_STRICT_PROTOTYPES = YES;
				CLANG_WARN_SUSPICIOUS_MOVE = YES;
				CLANG_WARN_UNGUARDED_AVAILABILITY = YES_AGGRESSIVE;
				CLANG_WARN_UNREACHABLE_CODE = YES;
				CLANG_WARN__DUPLICATE_METHOD_MATCH = YES;
				COPY_PHASE_STRIP = NO;
				DEBUG_INFORMATION_FORMAT = "dwarf-with-dsym";
				ENABLE_NS_ASSERTIONS = NO;
				ENABLE_STRICT_OBJC_MSGSEND = YES;
				ENABLE_USER_SCRIPT_SANDBOXING = YES;
				GCC_C_LANGUAGE_STANDARD = gnu17;
				GCC_NO_COMMON_BLOCKS = YES;
				GCC_WARN_64_TO_32_BIT_CONVERSION = YES;
				GCC_WARN_ABOUT_RETURN_TYPE = YES_ERROR;
				GCC_WARN_UNDECLARED_SELECTOR = YES;
				GCC_WARN_UNINITIALIZED_AUTOS = YES_AGGRESSIVE;
				GCC_WARN_UNUSED_FUNCTION = YES;
				GCC_WARN_UNUSED_VARIABLE = YES;
				IPHONEOS_DEPLOYMENT_TARGET = 17.5;
				LOCALIZATION_PREFERS_STRING_CATALOGS = YES;
				MTL_ENABLE_DEBUG_INFO = NO;
				MTL_FAST_MATH = YES;
				SDKROOT = iphoneos;
				SWIFT_COMPILATION_MODE = wholemodule;
				VALIDATE_PRODUCT = YES;
			};
			name = Release;
		};
		53BB6B802BD92937003779A9 /* Debug */ = {
			isa = XCBuildConfiguration;
			buildSettings = {
				ASSETCATALOG_COMPILER_APPICON_NAME = AppIcon;
				ASSETCATALOG_COMPILER_GLOBAL_ACCENT_COLOR_NAME = AccentColor;
				CODE_SIGN_ENTITLEMENTS = "";
				CODE_SIGN_IDENTITY = "Apple Development";
				CODE_SIGN_STYLE = Automatic;
				CURRENT_PROJECT_VERSION = 1;
				DEVELOPMENT_ASSET_PATHS = "\"ShowScape/Preview Content\"";
				DEVELOPMENT_TEAM = 6GWQ5KLT5K;
				ENABLE_PREVIEWS = YES;
				GENERATE_INFOPLIST_FILE = YES;
				INFOPLIST_FILE = ShowScape/Info.plist;
				INFOPLIST_KEY_UIApplicationSceneManifest_Generation = YES;
				INFOPLIST_KEY_UIApplicationSupportsIndirectInputEvents = YES;
				INFOPLIST_KEY_UILaunchScreen_Generation = YES;
				INFOPLIST_KEY_UIStatusBarStyle = "";
				INFOPLIST_KEY_UISupportedInterfaceOrientations = UIInterfaceOrientationPortrait;
				INFOPLIST_KEY_UISupportedInterfaceOrientations_iPad = "UIInterfaceOrientationLandscapeLeft UIInterfaceOrientationLandscapeRight UIInterfaceOrientationPortrait UIInterfaceOrientationPortraitUpsideDown";
				IPHONEOS_DEPLOYMENT_TARGET = 17.5;
				LD_RUNPATH_SEARCH_PATHS = (
					"$(inherited)",
					"@executable_path/Frameworks",
				);
				MARKETING_VERSION = 1.0;
				PRODUCT_BUNDLE_IDENTIFIER = RichardMazid.ShowScape;
				PRODUCT_NAME = "$(TARGET_NAME)";
				PROVISIONING_PROFILE_SPECIFIER = "";
				SUPPORTED_PLATFORMS = "iphoneos iphonesimulator";
				SUPPORTS_MACCATALYST = NO;
				SUPPORTS_MAC_DESIGNED_FOR_IPHONE_IPAD = NO;
				SUPPORTS_XR_DESIGNED_FOR_IPHONE_IPAD = NO;
				SWIFT_EMIT_LOC_STRINGS = YES;
				SWIFT_VERSION = 5.0;
				TARGETED_DEVICE_FAMILY = 1;
			};
			name = Debug;
		};
		53BB6B812BD92937003779A9 /* Release */ = {
			isa = XCBuildConfiguration;
			buildSettings = {
				ASSETCATALOG_COMPILER_APPICON_NAME = AppIcon;
				ASSETCATALOG_COMPILER_GLOBAL_ACCENT_COLOR_NAME = AccentColor;
				CODE_SIGN_IDENTITY = "Apple Development";
				CODE_SIGN_STYLE = Automatic;
				CURRENT_PROJECT_VERSION = 1;
				DEVELOPMENT_ASSET_PATHS = "\"ShowScape/Preview Content\"";
				DEVELOPMENT_TEAM = 6GWQ5KLT5K;
				ENABLE_PREVIEWS = YES;
				GENERATE_INFOPLIST_FILE = YES;
				INFOPLIST_FILE = ShowScape/Info.plist;
				INFOPLIST_KEY_UIApplicationSceneManifest_Generation = YES;
				INFOPLIST_KEY_UIApplicationSupportsIndirectInputEvents = YES;
				INFOPLIST_KEY_UILaunchScreen_Generation = YES;
				INFOPLIST_KEY_UIStatusBarStyle = "";
				INFOPLIST_KEY_UISupportedInterfaceOrientations = UIInterfaceOrientationPortrait;
				INFOPLIST_KEY_UISupportedInterfaceOrientations_iPad = "UIInterfaceOrientationLandscapeLeft UIInterfaceOrientationLandscapeRight UIInterfaceOrientationPortrait UIInterfaceOrientationPortraitUpsideDown";
				IPHONEOS_DEPLOYMENT_TARGET = 17.5;
				LD_RUNPATH_SEARCH_PATHS = (
					"$(inherited)",
					"@executable_path/Frameworks",
				);
				MARKETING_VERSION = 1.0;
				PRODUCT_BUNDLE_IDENTIFIER = RichardMazid.ShowScape;
				PRODUCT_NAME = "$(TARGET_NAME)";
				PROVISIONING_PROFILE_SPECIFIER = "";
				SUPPORTED_PLATFORMS = "iphoneos iphonesimulator";
				SUPPORTS_MACCATALYST = NO;
				SUPPORTS_MAC_DESIGNED_FOR_IPHONE_IPAD = NO;
				SUPPORTS_XR_DESIGNED_FOR_IPHONE_IPAD = NO;
				SWIFT_EMIT_LOC_STRINGS = YES;
				SWIFT_VERSION = 5.0;
				TARGETED_DEVICE_FAMILY = 1;
			};
			name = Release;
		};
/* End XCBuildConfiguration section */

/* Begin XCConfigurationList section */
		53BB6B6C2BD92934003779A9 /* Build configuration list for PBXProject "ShowScape" */ = {
			isa = XCConfigurationList;
			buildConfigurations = (
				53BB6B7D2BD92937003779A9 /* Debug */,
				53BB6B7E2BD92937003779A9 /* Release */,
			);
			defaultConfigurationIsVisible = 0;
			defaultConfigurationName = Release;
		};
		53BB6B7F2BD92937003779A9 /* Build configuration list for PBXNativeTarget "ShowScape" */ = {
			isa = XCConfigurationList;
			buildConfigurations = (
				53BB6B802BD92937003779A9 /* Debug */,
				53BB6B812BD92937003779A9 /* Release */,
			);
			defaultConfigurationIsVisible = 0;
			defaultConfigurationName = Release;
		};
/* End XCConfigurationList section */

/* Begin XCVersionGroup section */
		535F73BD2DA408CF00BE7291 /* FavoritesModel.xcdatamodeld */ = {
			isa = XCVersionGroup;
			children = (
				535F73BE2DA408CF00BE7291 /* FavoritesModel.xcdatamodel */,
			);
			currentVersion = 535F73BE2DA408CF00BE7291 /* FavoritesModel.xcdatamodel */;
			path = FavoritesModel.xcdatamodeld;
			sourceTree = "<group>";
			versionGroupType = wrapper.xcdatamodel;
		};
/* End XCVersionGroup section */
	};
	rootObject = 53BB6B692BD92934003779A9 /* Project object */;
}
